
Microsoft Visual Studio Solution File, Format Version 12.00
# Visual Studio 15
VisualStudioVersion = 15.0.28010.2046
MinimumVisualStudioVersion = 10.0.40219.1
Project("{FAE04EC0-301F-11D3-BF4B-00C04F79EFBC}") = "SportGame", "SportGame\SportGame.csproj", "{04D7EBDF-F9DC-4605-A5BD-A049C6310131}"
EndProject
Global
	GlobalSection(SolutionConfigurationPlatforms) = preSolution
		Debug|Any CPU = Debug|Any CPU
		Release|Any CPU = Release|Any CPU
	EndGlobalSection
	GlobalSection(ProjectConfigurationPlatforms) = postSolution
		{04D7EBDF-F9DC-4605-A5BD-A049C6310131}.Debug|Any CPU.ActiveCfg = Debug|Any CPU
		{04D7EBDF-F9DC-4605-A5BD-A049C6310131}.Debug|Any CPU.Build.0 = Debug|Any CPU
		{04D7EBDF-F9DC-4605-A5BD-A049C6310131}.Release|Any CPU.ActiveCfg = Release|Any CPU
		{04D7EBDF-F9DC-4605-A5BD-A049C6310131}.Release|Any CPU.Build.0 = Release|Any CPU
	EndGlobalSection
	GlobalSection(SolutionProperties) = preSolution
		HideSolutionNode = FALSE
	EndGlobalSection
	GlobalSection(ExtensibilityGlobals) = postSolution
		SolutionGuid = {FEBE41F6-BFA1-4D6A-88A3-6C1EEB17AE63}
	EndGlobalSection
EndGlobal
